
Microsoft Visual Studio Solution File, Format Version 12.00
# Visual Studio Version 16
VisualStudioVersion = 16.0.29613.14
MinimumVisualStudioVersion = 10.0.40219.1
Project("{FAE04EC0-301F-11D3-BF4B-00C04F79EFBC}") = "Reporteador.Android", "Reporteador\Reporteador.Android\Reporteador.Android.csproj", "{995F5847-77AB-4AB3-B2BC-C268666E6C30}"
EndProject
Project("{FAE04EC0-301F-11D3-BF4B-00C04F79EFBC}") = "Reporteador.iOS", "Reporteador\Reporteador.iOS\Reporteador.iOS.csproj", "{0A451E64-7B79-4AA9-A0A3-3EB1D7EA064B}"
EndProject
Project("{FAE04EC0-301F-11D3-BF4B-00C04F79EFBC}") = "Reporteador", "Reporteador\Reporteador\Reporteador.csproj", "{59A1BE66-58FA-4BDF-A25C-8769131E8022}"
EndProject
Global
	GlobalSection(SolutionConfigurationPlatforms) = preSolution
		Debug|Any CPU = Debug|Any CPU
		Debug|iPhone = Debug|iPhone
		Debug|iPhoneSimulator = Debug|iPhoneSimulator
		Release|Any CPU = Release|Any CPU
		Release|iPhone = Release|iPhone
		Release|iPhoneSimulator = Release|iPhoneSimulator
	EndGlobalSection
	GlobalSection(ProjectConfigurationPlatforms) = postSolution
		{995F5847-77AB-4AB3-B2BC-C268666E6C30}.Debug|Any CPU.ActiveCfg = Debug|Any CPU
		{995F5847-77AB-4AB3-B2BC-C268666E6C30}.Debug|Any CPU.Build.0 = Debug|Any CPU
		{995F5847-77AB-4AB3-B2BC-C268666E6C30}.Debug|Any CPU.Deploy.0 = Debug|Any CPU
		{995F5847-77AB-4AB3-B2BC-C268666E6C30}.Debug|iPhone.ActiveCfg = Debug|Any CPU
		{995F5847-77AB-4AB3-B2BC-C268666E6C30}.Debug|iPhone.Build.0 = Debug|Any CPU
		{995F5847-77AB-4AB3-B2BC-C268666E6C30}.Debug|iPhone.Deploy.0 = Debug|Any CPU
		{995F5847-77AB-4AB3-B2BC-C268666E6C30}.Debug|iPhoneSimulator.ActiveCfg = Debug|Any CPU
		{995F5847-77AB-4AB3-B2BC-C268666E6C30}.Debug|iPhoneSimulator.Build.0 = Debug|Any CPU
		{995F5847-77AB-4AB3-B2BC-C268666E6C30}.Debug|iPhoneSimulator.Deploy.0 = Debug|Any CPU
		{995F5847-77AB-4AB3-B2BC-C268666E6C30}.Release|Any CPU.ActiveCfg = Release|Any CPU
		{995F5847-77AB-4AB3-B2BC-C268666E6C30}.Release|Any CPU.Build.0 = Release|Any CPU
		{995F5847-77AB-4AB3-B2BC-C268666E6C30}.Release|Any CPU.Deploy.0 = Release|Any CPU
		{995F5847-77AB-4AB3-B2BC-C268666E6C30}.Release|iPhone.ActiveCfg = Release|Any CPU
		{995F5847-77AB-4AB3-B2BC-C268666E6C30}.Release|iPhone.Build.0 = Release|Any CPU
		{995F5847-77AB-4AB3-B2BC-C268666E6C30}.Release|iPhone.Deploy.0 = Release|Any CPU
		{995F5847-77AB-4AB3-B2BC-C268666E6C30}.Release|iPhoneSimulator.ActiveCfg = Release|Any CPU
		{995F5847-77AB-4AB3-B2BC-C268666E6C30}.Release|iPhoneSimulator.Build.0 = Release|Any CPU
		{995F5847-77AB-4AB3-B2BC-C268666E6C30}.Release|iPhoneSimulator.Deploy.0 = Release|Any CPU
		{0A451E64-7B79-4AA9-A0A3-3EB1D7EA064B}.Debug|Any CPU.ActiveCfg = Debug|iPhoneSimulator
		{0A451E64-7B79-4AA9-A0A3-3EB1D7EA064B}.Debug|Any CPU.Build.0 = Debug|iPhoneSimulator
		{0A451E64-7B79-4AA9-A0A3-3EB1D7EA064B}.Debug|Any CPU.Deploy.0 = Debug|iPhoneSimulator
		{0A451E64-7B79-4AA9-A0A3-3EB1D7EA064B}.Debug|iPhone.ActiveCfg = Debug|iPhone
		{0A451E64-7B79-4AA9-A0A3-3EB1D7EA064B}.Debug|iPhone.Build.0 = Debug|iPhone
		{0A451E64-7B79-4AA9-A0A3-3EB1D7EA064B}.Debug|iPhone.Deploy.0 = Debug|iPhone
		{0A451E64-7B79-4AA9-A0A3-3EB1D7EA064B}.Debug|iPhoneSimulator.ActiveCfg = Debug|iPhoneSimulator
		{0A451E64-7B79-4AA9-A0A3-3EB1D7EA064B}.Debug|iPhoneSimulator.Build.0 = Debug|iPhoneSimulator
		{0A451E64-7B79-4AA9-A0A3-3EB1D7EA064B}.Debug|iPhoneSimulator.Deploy.0 = Debug|iPhoneSimulator
		{0A451E64-7B79-4AA9-A0A3-3EB1D7EA064B}.Release|Any CPU.ActiveCfg = Release|iPhone
		{0A451E64-7B79-4AA9-A0A3-3EB1D7EA064B}.Release|Any CPU.Build.0 = Release|iPhone
		{0A451E64-7B79-4AA9-A0A3-3EB1D7EA064B}.Release|Any CPU.Deploy.0 = Release|iPhone
		{0A451E64-7B79-4AA9-A0A3-3EB1D7EA064B}.Release|iPhone.ActiveCfg = Release|iPhone
		{0A451E64-7B79-4AA9-A0A3-3EB1D7EA064B}.Release|iPhone.Build.0 = Release|iPhone
		{0A451E64-7B79-4AA9-A0A3-3EB1D7EA064B}.Release|iPhone.Deploy.0 = Release|iPhone
		{0A451E64-7B79-4AA9-A0A3-3EB1D7EA064B}.Release|iPhoneSimulator.ActiveCfg = Release|iPhoneSimulator
		{0A451E64-7B79-4AA9-A0A3-3EB1D7EA064B}.Release|iPhoneSimulator.Build.0 = Release|iPhoneSimulator
		{0A451E64-7B79-4AA9-A0A3-3EB1D7EA064B}.Release|iPhoneSimulator.Deploy.0 = Release|iPhoneSimulator
		{59A1BE66-58FA-4BDF-A25C-8769131E8022}.Debug|Any CPU.ActiveCfg = Debug|Any CPU
		{59A1BE66-58FA-4BDF-A25C-8769131E8022}.Debug|Any CPU.Build.0 = Debug|Any CPU
		{59A1BE66-58FA-4BDF-A25C-8769131E8022}.Debug|Any CPU.Deploy.0 = Debug|Any CPU
		{59A1BE66-58FA-4BDF-A25C-8769131E8022}.Debug|iPhone.ActiveCfg = Debug|Any CPU
		{59A1BE66-58FA-4BDF-A25C-8769131E8022}.Debug|iPhone.Build.0 = Debug|Any CPU
		{59A1BE66-58FA-4BDF-A25C-8769131E8022}.Debug|iPhone.Deploy.0 = Debug|Any CPU
		{59A1BE66-58FA-4BDF-A25C-8769131E8022}.Debug|iPhoneSimulator.ActiveCfg = Debug|Any CPU
		{59A1BE66-58FA-4BDF-A25C-8769131E8022}.Debug|iPhoneSimulator.Build.0 = Debug|Any CPU
		{59A1BE66-58FA-4BDF-A25C-8769131E8022}.Debug|iPhoneSimulator.Deploy.0 = Debug|Any CPU
		{59A1BE66-58FA-4BDF-A25C-8769131E8022}.Release|Any CPU.ActiveCfg = Release|Any CPU
		{59A1BE66-58FA-4BDF-A25C-8769131E8022}.Release|Any CPU.Build.0 = Release|Any CPU
		{59A1BE66-58FA-4BDF-A25C-8769131E8022}.Release|Any CPU.Deploy.0 = Release|Any CPU
		{59A1BE66-58FA-4BDF-A25C-8769131E8022}.Release|iPhone.ActiveCfg = Release|Any CPU
		{59A1BE66-58FA-4BDF-A25C-8769131E8022}.Release|iPhone.Build.0 = Release|Any CPU
		{59A1BE66-58FA-4BDF-A25C-8769131E8022}.Release|iPhone.Deploy.0 = Release|Any CPU
		{59A1BE66-58FA-4BDF-A25C-8769131E8022}.Release|iPhoneSimulator.ActiveCfg = Release|Any CPU
		{59A1BE66-58FA-4BDF-A25C-8769131E8022}.Release|iPhoneSimulator.Build.0 = Release|Any CPU
		{59A1BE66-58FA-4BDF-A25C-8769131E8022}.Release|iPhoneSimulator.Deploy.0 = Release|Any CPU
	EndGlobalSection
	GlobalSection(SolutionProperties) = preSolution
		HideSolutionNode = FALSE
	EndGlobalSection
	GlobalSection(ExtensibilityGlobals) = postSolution
		SolutionGuid = {79054E0C-761D-491C-91DF-D739F1D5583A}
	EndGlobalSection
EndGlobal
